// !$*UTF8*$!
{
	archiveVersion = 1;
	classes = {
	};
	objectVersion = 77;
	objects = {

/* Begin PBXBuildFile section */
		03ACC1CE06DC3BAC02D7FA78 /* Sparkle in Frameworks */ = {isa = PBXBuildFile; productRef = 54CF24178990ACA373B0B66A /* Sparkle */; };
		06B119C57003A27D29E1F8D0 /* AnalyticsViewModel.swift in Sources */ = {isa = PBXBuildFile; fileRef = F30D133C4EA0D3CE27DFAAD4 /* AnalyticsViewModel.swift */; };
		06BF27E6FDAFEC7E702F50D9 /* SmartSubscriptionApp.swift in Sources */ = {isa = PBXBuildFile; fileRef = CD01AD113FF5E9856312CADE /* SmartSubscriptionApp.swift */; };
		07AE81DEC4C4AA469C0144D3 /* SmartSubscriptionAppModel.swift in Sources */ = {isa = PBXBuildFile; fileRef = F277ABD9D664093DDDA943B3 /* SmartSubscriptionAppModel.swift */; };
		0A78189537585A30FA5BF97F /* Formatters.swift in Sources */ = {isa = PBXBuildFile; fileRef = 5CC1F7284C20EC7FABD3C3CE /* Formatters.swift */; };
		0CB4ED145A94F831B8A20783 /* TransparentHostingController.swift in Sources */ = {isa = PBXBuildFile; fileRef = BC296EB62D91D7106DC96FE4 /* TransparentHostingController.swift */; };
		0EE0FF6623C681B7FE0B18E1 /* FirebaseFirestore in Frameworks */ = {isa = PBXBuildFile; productRef = DC3C3BCCFDBC7D37A6C47D65 /* FirebaseFirestore */; };
		136C22DE82F2CAF59BB01A16 /* HomeDashboardViewModel.swift in Sources */ = {isa = PBXBuildFile; fileRef = 6C4E256926078B41383A130D /* HomeDashboardViewModel.swift */; };
		138E8CE682767E22B6C3B219 /* SubscriptionDetailView.swift in Sources */ = {isa = PBXBuildFile; fileRef = 2CEC1F3F349746FD0629A120 /* SubscriptionDetailView.swift */; };
		16A58EBF054871730C36882E /* SubscriptionCard.swift in Sources */ = {isa = PBXBuildFile; fileRef = DD36EBD2A054D6888E554AE7 /* SubscriptionCard.swift */; };
		18D7410C6115696ABF0F7861 /* StoreKit.framework in Frameworks */ = {isa = PBXBuildFile; fileRef = 4B4D94EF87174714E7153DA0 /* StoreKit.framework */; };
		190C239707D3CE114FAD0457 /* InvoiceOCRUseCase.swift in Sources */ = {isa = PBXBuildFile; fileRef = 243B41E28ACFB49B08AB507A /* InvoiceOCRUseCase.swift */; };
		1BFAE3BB1BE67B49EA7A3953 /* SubscriptionCard.swift in Sources */ = {isa = PBXBuildFile; fileRef = DD36EBD2A054D6888E554AE7 /* SubscriptionCard.swift */; };
		1EA72D38F518C873511610E1 /* AddSubscriptionViewModel.swift in Sources */ = {isa = PBXBuildFile; fileRef = 7024AC1B9762CB3FB504C693 /* AddSubscriptionViewModel.swift */; };
		1FC9B70BE1F7701FE6AE9CF4 /* HomeDashboardViewModelTests.swift in Sources */ = {isa = PBXBuildFile; fileRef = 7480D3D11F0DD44002E828C7 /* HomeDashboardViewModelTests.swift */; };
		20B500034D1FEC6BD68C79F1 /* PopupViewContainer.swift in Sources */ = {isa = PBXBuildFile; fileRef = A94C27EEBEA29224E63ABD46 /* PopupViewContainer.swift */; };
		246AD297B7897EB3F6599871 /* ReviewEditViewModel.swift in Sources */ = {isa = PBXBuildFile; fileRef = 69B87618E76EB984EA3FE4D6 /* ReviewEditViewModel.swift */; };
		2513C85B246809F7D10E3A83 /* ContentView.swift in Sources */ = {isa = PBXBuildFile; fileRef = F1DF14B02D8C160B486F1714 /* ContentView.swift */; };
		2811E23B2B1A4FC97C60DBF3 /* Assets.xcassets in Resources */ = {isa = PBXBuildFile; fileRef = B52FECB8D8E4AF12F8A580E5 /* Assets.xcassets */; };
		29850F24A8AAFA6D3939D89C /* SmartSubscriptionKit in Frameworks */ = {isa = PBXBuildFile; productRef = 5D13CF948DAEAD61EF905A48 /* SmartSubscriptionKit */; };
		29AF78D091B1279AF0D16CC1 /* HomeDashboardViewModel.swift in Sources */ = {isa = PBXBuildFile; fileRef = 6C4E256926078B41383A130D /* HomeDashboardViewModel.swift */; };
		2A740C787D92D2E0C1950DD2 /* HomeDashboardView.swift in Sources */ = {isa = PBXBuildFile; fileRef = 97075C52AC64F978A0EAF72E /* HomeDashboardView.swift */; };
		2C8D52AA5D0E5D497D857002 /* AddSubscriptionView.swift in Sources */ = {isa = PBXBuildFile; fileRef = 7D570275AF69D8819060F8D1 /* AddSubscriptionView.swift */; };
		2CE5EA69A39F9D2A88F08433 /* SmartSubscriptionKit in Frameworks */ = {isa = PBXBuildFile; productRef = 897D0D80F9B72A0A89B09DC4 /* SmartSubscriptionKit */; };
		2D9004F54795E891C424213D /* AddSubscriptionViewModel.swift in Sources */ = {isa = PBXBuildFile; fileRef = 7024AC1B9762CB3FB504C693 /* AddSubscriptionViewModel.swift */; };
		325F82600DA180AB056ABB4D /* FirebaseCrashlytics in Frameworks */ = {isa = PBXBuildFile; productRef = 7327D810A54950300C2E977A /* FirebaseCrashlytics */; };
		347531FDFFAE932EFDD14A98 /* SettingsView.swift in Sources */ = {isa = PBXBuildFile; fileRef = A07510BB29FC862A14FAD6BD /* SettingsView.swift */; };
		3AB8D5E590DFA83ACE79AD6F /* StoreKit.framework in Frameworks */ = {isa = PBXBuildFile; fileRef = 4B4D94EF87174714E7153DA0 /* StoreKit.framework */; };
		3BD306B331DA6D406956A94C /* HoverCursorModifier.swift in Sources */ = {isa = PBXBuildFile; fileRef = E80D4E48C2B6052636DBC935 /* HoverCursorModifier.swift */; };
		3C0FBFB0A4860171321D770F /* FirebaseEventLogger.swift in Sources */ = {isa = PBXBuildFile; fileRef = 4219CE629E69BFDD8F3530BF /* FirebaseEventLogger.swift */; };
		3CA213C9BC9264F1BF28C6AE /* AnalyticsViewModel.swift in Sources */ = {isa = PBXBuildFile; fileRef = F30D133C4EA0D3CE27DFAAD4 /* AnalyticsViewModel.swift */; };
		404F7A4156F32B5F2C0E9ACA /* ImageViewer.swift in Sources */ = {isa = PBXBuildFile; fileRef = 182CB2C2BBBE443BC4C0D852 /* ImageViewer.swift */; };
		43FB6D9E5CDBA272E6587BEB /* HighlightButtonStyle.swift in Sources */ = {isa = PBXBuildFile; fileRef = 01114D6011B83A6C94C3CDF7 /* HighlightButtonStyle.swift */; };
		44B97170AE51552CA4F37CF6 /* SmartSubscriptionAppModel.swift in Sources */ = {isa = PBXBuildFile; fileRef = F277ABD9D664093DDDA943B3 /* SmartSubscriptionAppModel.swift */; };
		46A6E3C8434C4AACA173169F /* HighlightButtonStyle.swift in Sources */ = {isa = PBXBuildFile; fileRef = 01114D6011B83A6C94C3CDF7 /* HighlightButtonStyle.swift */; };
		473878FCE82A1C0394228CFB /* MockSubscriptionUseCase.swift in Sources */ = {isa = PBXBuildFile; fileRef = DF7765831AB7C5AE539CCBD0 /* MockSubscriptionUseCase.swift */; };
		49AA88ECB1D79E78EBA88274 /* SubscriptionCard.swift in Sources */ = {isa = PBXBuildFile; fileRef = DD36EBD2A054D6888E554AE7 /* SubscriptionCard.swift */; };
		4A7175AD77A32317E286842A /* InvoiceOCRUseCase.swift in Sources */ = {isa = PBXBuildFile; fileRef = 243B41E28ACFB49B08AB507A /* InvoiceOCRUseCase.swift */; };
		4C815E3B8CEDF42673E6E7C1 /* FirebaseFirestore in Frameworks */ = {isa = PBXBuildFile; productRef = 7B335E419C238A96E87CA7E2 /* FirebaseFirestore */; };
		4C934C044536FC9503C65AF8 /* SubscriptionDetailViewModel.swift in Sources */ = {isa = PBXBuildFile; fileRef = 6C93CFC5C0F4360DBB92F737 /* SubscriptionDetailViewModel.swift */; };
		50A83BD4A240708D05190B8F /* HoverCursorModifier.swift in Sources */ = {isa = PBXBuildFile; fileRef = E80D4E48C2B6052636DBC935 /* HoverCursorModifier.swift */; };
		51A8C6FB0100FB7E81CB08D1 /* ReviewEditViewModel.swift in Sources */ = {isa = PBXBuildFile; fileRef = 69B87618E76EB984EA3FE4D6 /* ReviewEditViewModel.swift */; };
		5E3A9B3D2C98E2E607B81E52 /* OCRProcessingView.swift in Sources */ = {isa = PBXBuildFile; fileRef = 2A287776C43CD74C2F17E22B /* OCRProcessingView.swift */; };
		5E8CBAFD7EFE3010160F81B4 /* AppUpdateManager.swift in Sources */ = {isa = PBXBuildFile; fileRef = 743E8866EEC228E38B87D10C /* AppUpdateManager.swift */; };
		6145507F288E6C0E22FBE45B /* SubscriptionUseCase.swift in Sources */ = {isa = PBXBuildFile; fileRef = 5DA0C53D032BD4D03CE2EA49 /* SubscriptionUseCase.swift */; };
		617A22CAD6465E0ACB14F9A8 /* AddSubscriptionViewModel.swift in Sources */ = {isa = PBXBuildFile; fileRef = 7024AC1B9762CB3FB504C693 /* AddSubscriptionViewModel.swift */; };
		61F7A2578009DA33B6D4764A /* ContentView.swift in Sources */ = {isa = PBXBuildFile; fileRef = F1DF14B02D8C160B486F1714 /* ContentView.swift */; };
		644B1DB286941D61CBAF6865 /* SmartSubscriptionApp.swift in Sources */ = {isa = PBXBuildFile; fileRef = B0E49EF2B87FF34DD863B405 /* SmartSubscriptionApp.swift */; };
		66076926B33FE5604D5F4AE9 /* FirebaseEventLogger.swift in Sources */ = {isa = PBXBuildFile; fileRef = 4219CE629E69BFDD8F3530BF /* FirebaseEventLogger.swift */; };
		666E3CA72E533A91E62923B2 /* SubscriptionDetailView.swift in Sources */ = {isa = PBXBuildFile; fileRef = 2CEC1F3F349746FD0629A120 /* SubscriptionDetailView.swift */; };
		73F6C90A164758CC09B258E3 /* SettingsView.swift in Sources */ = {isa = PBXBuildFile; fileRef = A07510BB29FC862A14FAD6BD /* SettingsView.swift */; };
		7439701D449F31DA52614CF9 /* OCRProcessingView.swift in Sources */ = {isa = PBXBuildFile; fileRef = 2A287776C43CD74C2F17E22B /* OCRProcessingView.swift */; };
		752A2A807EF27A9DE84454FA /* SettingsView.swift in Sources */ = {isa = PBXBuildFile; fileRef = A07510BB29FC862A14FAD6BD /* SettingsView.swift */; };
		7A7502F9D1F2DC455AEC4A15 /* SubscriptionUseCase.swift in Sources */ = {isa = PBXBuildFile; fileRef = 5DA0C53D032BD4D03CE2EA49 /* SubscriptionUseCase.swift */; };
		7DDF8A1D07F6A4FA1E9250C9 /* ReviewEditSubscriptionView.swift in Sources */ = {isa = PBXBuildFile; fileRef = D11FED9306C146787E5B0AC2 /* ReviewEditSubscriptionView.swift */; };
		7E319A0D0F9233FE1F76F9B9 /* ReviewEditViewModelTests.swift in Sources */ = {isa = PBXBuildFile; fileRef = 85D3D97195CCF9DFE46FB2A8 /* ReviewEditViewModelTests.swift */; };
		800A3A79835151ED01D4311C /* AddSubscriptionView.swift in Sources */ = {isa = PBXBuildFile; fileRef = 7D570275AF69D8819060F8D1 /* AddSubscriptionView.swift */; };
		824343C598DE40EB42FCF0E1 /* FirebaseAnalytics in Frameworks */ = {isa = PBXBuildFile; productRef = 65458A287408195FBA71AC95 /* FirebaseAnalytics */; };
		8268C203917C2B148D79AC7F /* Assets.xcassets in Resources */ = {isa = PBXBuildFile; fileRef = B52FECB8D8E4AF12F8A580E5 /* Assets.xcassets */; };
		84AAD7CCC94BD9E7CEDC740B /* synced-storekit-conf.storekit in Resources */ = {isa = PBXBuildFile; fileRef = 5B91E18BA6831AD701BD8547 /* synced-storekit-conf.storekit */; };
		85F9BC6FE72C134880F3FB6A /* HighlightButtonStyle.swift in Sources */ = {isa = PBXBuildFile; fileRef = 01114D6011B83A6C94C3CDF7 /* HighlightButtonStyle.swift */; };
		86883096BE019B4915E92335 /* SmartSubscriptionKit in Frameworks */ = {isa = PBXBuildFile; productRef = 2DB4ED87932B33193E98D349 /* SmartSubscriptionKit */; };
		8C6091D866F96DE647144310 /* AppUpdateManager.swift in Sources */ = {isa = PBXBuildFile; fileRef = 743E8866EEC228E38B87D10C /* AppUpdateManager.swift */; };
		95F03A566B905F0FF75C638D /* FeedbackUseCase.swift in Sources */ = {isa = PBXBuildFile; fileRef = 570E0F2F8AB64DA8A2C55F73 /* FeedbackUseCase.swift */; };
		9679E28D2CAC3AC3024C4C17 /* SettingsViewModel.swift in Sources */ = {isa = PBXBuildFile; fileRef = 0CA02A96194FA2F5CE7EB989 /* SettingsViewModel.swift */; };
		9777E74305EC8E700EABD181 /* ReviewEditSubscriptionView.swift in Sources */ = {isa = PBXBuildFile; fileRef = D11FED9306C146787E5B0AC2 /* ReviewEditSubscriptionView.swift */; };
		9B2659F2E51494B829DC6D15 /* InvoiceOCRUseCase.swift in Sources */ = {isa = PBXBuildFile; fileRef = 243B41E28ACFB49B08AB507A /* InvoiceOCRUseCase.swift */; };
		9EBB5D9ACDDD8E105770DD53 /* FirebaseFirestore in Frameworks */ = {isa = PBXBuildFile; productRef = 20F3532835B252A4EDFF1233 /* FirebaseFirestore */; };
		9FBFF806673A88A7404115B7 /* SubscriptionDetailView.swift in Sources */ = {isa = PBXBuildFile; fileRef = 2CEC1F3F349746FD0629A120 /* SubscriptionDetailView.swift */; };
		A30023CF9DF59F8A86D8CD9A /* SubscriptionDetailViewModel.swift in Sources */ = {isa = PBXBuildFile; fileRef = 6C93CFC5C0F4360DBB92F737 /* SubscriptionDetailViewModel.swift */; };
		A80BFCAA63B4EEB7E96B9A3C /* HomeDashboardView.swift in Sources */ = {isa = PBXBuildFile; fileRef = F7C17FCBAD7C04C98EE2349F /* HomeDashboardView.swift */; };
		A8F310E31DC628C7927C9157 /* Formatters.swift in Sources */ = {isa = PBXBuildFile; fileRef = 5CC1F7284C20EC7FABD3C3CE /* Formatters.swift */; };
		AA73341AEECE9D0E0298F1DC /* FirebaseEventLogger.swift in Sources */ = {isa = PBXBuildFile; fileRef = 4219CE629E69BFDD8F3530BF /* FirebaseEventLogger.swift */; };
		AA88C019562BEB667AB45523 /* OCRProcessingView.swift in Sources */ = {isa = PBXBuildFile; fileRef = 2A287776C43CD74C2F17E22B /* OCRProcessingView.swift */; };
		B052CFD14743AAE9D332F307 /* SmartSubscriptionApp.swift in Sources */ = {isa = PBXBuildFile; fileRef = B0E49EF2B87FF34DD863B405 /* SmartSubscriptionApp.swift */; };
		B0586FCE6B7989E9A0EDC57D /* HomeDashboardViewModel.swift in Sources */ = {isa = PBXBuildFile; fileRef = 6C4E256926078B41383A130D /* HomeDashboardViewModel.swift */; };
		B81DE961A5416B39B02A9722 /* FeedbackPopupContentView.swift in Sources */ = {isa = PBXBuildFile; fileRef = 02536E3811B97024CDD13DD7 /* FeedbackPopupContentView.swift */; };
		B8F9B33D1C8155FFDCDB51B8 /* AddSubscriptionCoordinator.swift in Sources */ = {isa = PBXBuildFile; fileRef = 452E2378FCAA6D944B3A1A80 /* AddSubscriptionCoordinator.swift */; };
		B9176C007ADC87ED163F8EF3 /* FirebaseAnalytics in Frameworks */ = {isa = PBXBuildFile; productRef = 6458AE4E0C9657DBD9072650 /* FirebaseAnalytics */; };
		BAB0B9F7C1FE3DE88B361104 /* SubscriptionUseCase.swift in Sources */ = {isa = PBXBuildFile; fileRef = 5DA0C53D032BD4D03CE2EA49 /* SubscriptionUseCase.swift */; };
		BB931007801F3EAFE7F037DA /* AnalyticsDashboardView.swift in Sources */ = {isa = PBXBuildFile; fileRef = 2436C94753CCDC2239DA6C65 /* AnalyticsDashboardView.swift */; };
		BCE0ECB0DC263EF77B1841DE /* ReviewEditSubscriptionView.swift in Sources */ = {isa = PBXBuildFile; fileRef = D11FED9306C146787E5B0AC2 /* ReviewEditSubscriptionView.swift */; };
		BEA6F018C7FCECBB708E34E5 /* ReviewEditViewModel.swift in Sources */ = {isa = PBXBuildFile; fileRef = 69B87618E76EB984EA3FE4D6 /* ReviewEditViewModel.swift */; };
		BEE2F57A9400BD8B1815D394 /* PopupViewContainer.swift in Sources */ = {isa = PBXBuildFile; fileRef = A94C27EEBEA29224E63ABD46 /* PopupViewContainer.swift */; };
		BFEDD4818576CD78F7AFAC06 /* HomeDashboardViewModel.swift in Sources */ = {isa = PBXBuildFile; fileRef = 6C4E256926078B41383A130D /* HomeDashboardViewModel.swift */; };
		C0CC2779C2A0A1F0CB634B83 /* FirebaseCrashlytics in Frameworks */ = {isa = PBXBuildFile; productRef = 1552C3D84CBD66F1F38370FB /* FirebaseCrashlytics */; };
		C1079D067229140B62E0AF38 /* AppDelegate.swift in Sources */ = {isa = PBXBuildFile; fileRef = 09E85A1880DED64232903CCA /* AppDelegate.swift */; };
		C118E2359BE6F8CA73B68B44 /* HomeDashboardView.swift in Sources */ = {isa = PBXBuildFile; fileRef = 97075C52AC64F978A0EAF72E /* HomeDashboardView.swift */; };
		CD0DEAFD5013828E4732739C /* synced-storekit-conf.storekit in Resources */ = {isa = PBXBuildFile; fileRef = 5B91E18BA6831AD701BD8547 /* synced-storekit-conf.storekit */; };
		CD7D3E3191B1458F76743A4C /* OCRProcessingViewModel.swift in Sources */ = {isa = PBXBuildFile; fileRef = 0947B27FF64DA90CE1464B17 /* OCRProcessingViewModel.swift */; };
		CFD8F12C8BDDA81E0D9B5620 /* SettingsViewModel.swift in Sources */ = {isa = PBXBuildFile; fileRef = 0CA02A96194FA2F5CE7EB989 /* SettingsViewModel.swift */; };
		D34BE5556B6F53A4B3D8C414 /* ImageViewer.swift in Sources */ = {isa = PBXBuildFile; fileRef = 182CB2C2BBBE443BC4C0D852 /* ImageViewer.swift */; };
		D46B2E865CB286E568E1BB0F /* FirebaseAnalytics in Frameworks */ = {isa = PBXBuildFile; productRef = 700FC2BAE3C0DB5B3DFCCE29 /* FirebaseAnalytics */; };
		D647330CFD264B92D5CF987A /* AddSubscriptionCoordinator.swift in Sources */ = {isa = PBXBuildFile; fileRef = 452E2378FCAA6D944B3A1A80 /* AddSubscriptionCoordinator.swift */; };
		D6AE1684C06E432666C3C4CF /* Assets.xcassets in Resources */ = {isa = PBXBuildFile; fileRef = 9DDB412EEE7BA4C52E5281BB /* Assets.xcassets */; };
		D77947A2F0676D00CEA93224 /* SmartSubscriptionKit in Frameworks */ = {isa = PBXBuildFile; productRef = 2563049BE674236E88FA803C /* SmartSubscriptionKit */; };
		D7BFCD167AF30DD2F59846C0 /* OCRProcessingViewModel.swift in Sources */ = {isa = PBXBuildFile; fileRef = 0947B27FF64DA90CE1464B17 /* OCRProcessingViewModel.swift */; };
		D9D78B738CDEBA854D932F19 /* ContentView.swift in Sources */ = {isa = PBXBuildFile; fileRef = F575EC82C848BD4A55AA0194 /* ContentView.swift */; };
		DA26F05B94EC5B1F78D4616D /* FirebaseCrashlytics in Frameworks */ = {isa = PBXBuildFile; productRef = 5E7CEE98826F94718440C779 /* FirebaseCrashlytics */; };
		DBC9290556E6B7045D9B68D2 /* SettingsViewModel.swift in Sources */ = {isa = PBXBuildFile; fileRef = 0CA02A96194FA2F5CE7EB989 /* SettingsViewModel.swift */; };
		DF4676716A19DC8145817E68 /* FeedbackUseCase.swift in Sources */ = {isa = PBXBuildFile; fileRef = 570E0F2F8AB64DA8A2C55F73 /* FeedbackUseCase.swift */; };
		DFF1A991A9C7A80B46E66FA1 /* StoreKit.framework in Frameworks */ = {isa = PBXBuildFile; fileRef = 4B4D94EF87174714E7153DA0 /* StoreKit.framework */; };
		E3644537911B9197B7B9915D /* SmartSubscriptionAppModel.swift in Sources */ = {isa = PBXBuildFile; fileRef = F277ABD9D664093DDDA943B3 /* SmartSubscriptionAppModel.swift */; };
		E49A70EA53BFEDB3449670B7 /* Formatters.swift in Sources */ = {isa = PBXBuildFile; fileRef = 5CC1F7284C20EC7FABD3C3CE /* Formatters.swift */; };
		E56D18345A0D3CCD64268117 /* AnalyticsViewModel.swift in Sources */ = {isa = PBXBuildFile; fileRef = F30D133C4EA0D3CE27DFAAD4 /* AnalyticsViewModel.swift */; };
		E6AEC3E3967ACBE03B5C326A /* TransparentHostingController.swift in Sources */ = {isa = PBXBuildFile; fileRef = BC296EB62D91D7106DC96FE4 /* TransparentHostingController.swift */; };
		EAE87947975016A06AB0BA95 /* SubscriptionUseCase.swift in Sources */ = {isa = PBXBuildFile; fileRef = 5DA0C53D032BD4D03CE2EA49 /* SubscriptionUseCase.swift */; };
		EDA6B18D81EFEEB7E4CE4374 /* AppDelegate.swift in Sources */ = {isa = PBXBuildFile; fileRef = 09E85A1880DED64232903CCA /* AppDelegate.swift */; };
		F031F6A18863D1C377CD5447 /* AnalyticsDashboardView.swift in Sources */ = {isa = PBXBuildFile; fileRef = 2436C94753CCDC2239DA6C65 /* AnalyticsDashboardView.swift */; };
		F16534AA62C1C62201BAD158 /* SubscriptionDetailViewModel.swift in Sources */ = {isa = PBXBuildFile; fileRef = 6C93CFC5C0F4360DBB92F737 /* SubscriptionDetailViewModel.swift */; };
		F1A24F2E8E05100429C23BD2 /* OCRProcessingViewModel.swift in Sources */ = {isa = PBXBuildFile; fileRef = 0947B27FF64DA90CE1464B17 /* OCRProcessingViewModel.swift */; };
		F225A0E72D4015C95079239A /* FeedbackPopupContentView.swift in Sources */ = {isa = PBXBuildFile; fileRef = 02536E3811B97024CDD13DD7 /* FeedbackPopupContentView.swift */; };
		F2D6F56009C53EAB389622CF /* AppDelegate.swift in Sources */ = {isa = PBXBuildFile; fileRef = 450AC27C35956F0631B62DF6 /* AppDelegate.swift */; };
		F61011E3A5D8D1F57CBFD96C /* AddSubscriptionView.swift in Sources */ = {isa = PBXBuildFile; fileRef = 7D570275AF69D8819060F8D1 /* AddSubscriptionView.swift */; };
		F6C603EE88661A69FB051771 /* AnalyticsDashboardView.swift in Sources */ = {isa = PBXBuildFile; fileRef = 2436C94753CCDC2239DA6C65 /* AnalyticsDashboardView.swift */; };
		FBAB64F697D1181C4A985BB9 /* ReviewEditViewModel.swift in Sources */ = {isa = PBXBuildFile; fileRef = 69B87618E76EB984EA3FE4D6 /* ReviewEditViewModel.swift */; };
		FEBA968F746EA5F781549E85 /* AddSubscriptionCoordinator.swift in Sources */ = {isa = PBXBuildFile; fileRef = 452E2378FCAA6D944B3A1A80 /* AddSubscriptionCoordinator.swift */; };
/* End PBXBuildFile section */

/* Begin PBXFileReference section */
		01114D6011B83A6C94C3CDF7 /* HighlightButtonStyle.swift */ = {isa = PBXFileReference; lastKnownFileType = sourcecode.swift; path = HighlightButtonStyle.swift; sourceTree = "<group>"; };
		02536E3811B97024CDD13DD7 /* FeedbackPopupContentView.swift */ = {isa = PBXFileReference; lastKnownFileType = sourcecode.swift; path = FeedbackPopupContentView.swift; sourceTree = "<group>"; };
		0947B27FF64DA90CE1464B17 /* OCRProcessingViewModel.swift */ = {isa = PBXFileReference; lastKnownFileType = sourcecode.swift; path = OCRProcessingViewModel.swift; sourceTree = "<group>"; };
		09E85A1880DED64232903CCA /* AppDelegate.swift */ = {isa = PBXFileReference; lastKnownFileType = sourcecode.swift; path = AppDelegate.swift; sourceTree = "<group>"; };
		0CA02A96194FA2F5CE7EB989 /* SettingsViewModel.swift */ = {isa = PBXFileReference; lastKnownFileType = sourcecode.swift; path = SettingsViewModel.swift; sourceTree = "<group>"; };
		182CB2C2BBBE443BC4C0D852 /* ImageViewer.swift */ = {isa = PBXFileReference; lastKnownFileType = sourcecode.swift; path = ImageViewer.swift; sourceTree = "<group>"; };
		2436C94753CCDC2239DA6C65 /* AnalyticsDashboardView.swift */ = {isa = PBXFileReference; lastKnownFileType = sourcecode.swift; path = AnalyticsDashboardView.swift; sourceTree = "<group>"; };
		243B41E28ACFB49B08AB507A /* InvoiceOCRUseCase.swift */ = {isa = PBXFileReference; lastKnownFileType = sourcecode.swift; path = InvoiceOCRUseCase.swift; sourceTree = "<group>"; };
		2A287776C43CD74C2F17E22B /* OCRProcessingView.swift */ = {isa = PBXFileReference; lastKnownFileType = sourcecode.swift; path = OCRProcessingView.swift; sourceTree = "<group>"; };
		2CEC1F3F349746FD0629A120 /* SubscriptionDetailView.swift */ = {isa = PBXFileReference; lastKnownFileType = sourcecode.swift; path = SubscriptionDetailView.swift; sourceTree = "<group>"; };
		4219CE629E69BFDD8F3530BF /* FirebaseEventLogger.swift */ = {isa = PBXFileReference; lastKnownFileType = sourcecode.swift; path = FirebaseEventLogger.swift; sourceTree = "<group>"; };
		450AC27C35956F0631B62DF6 /* AppDelegate.swift */ = {isa = PBXFileReference; lastKnownFileType = sourcecode.swift; path = AppDelegate.swift; sourceTree = "<group>"; };
		452E2378FCAA6D944B3A1A80 /* AddSubscriptionCoordinator.swift */ = {isa = PBXFileReference; lastKnownFileType = sourcecode.swift; path = AddSubscriptionCoordinator.swift; sourceTree = "<group>"; };
		4B4D94EF87174714E7153DA0 /* StoreKit.framework */ = {isa = PBXFileReference; lastKnownFileType = wrapper.framework; name = StoreKit.framework; path = System/Library/Frameworks/StoreKit.framework; sourceTree = SDKROOT; };
		570E0F2F8AB64DA8A2C55F73 /* FeedbackUseCase.swift */ = {isa = PBXFileReference; lastKnownFileType = sourcecode.swift; path = FeedbackUseCase.swift; sourceTree = "<group>"; };
		5B91E18BA6831AD701BD8547 /* synced-storekit-conf.storekit */ = {isa = PBXFileReference; path = "synced-storekit-conf.storekit"; sourceTree = "<group>"; };
		5CC1F7284C20EC7FABD3C3CE /* Formatters.swift */ = {isa = PBXFileReference; lastKnownFileType = sourcecode.swift; path = Formatters.swift; sourceTree = "<group>"; };
		5DA0C53D032BD4D03CE2EA49 /* SubscriptionUseCase.swift */ = {isa = PBXFileReference; lastKnownFileType = sourcecode.swift; path = SubscriptionUseCase.swift; sourceTree = "<group>"; };
		69B87618E76EB984EA3FE4D6 /* ReviewEditViewModel.swift */ = {isa = PBXFileReference; lastKnownFileType = sourcecode.swift; path = ReviewEditViewModel.swift; sourceTree = "<group>"; };
		6C4E256926078B41383A130D /* HomeDashboardViewModel.swift */ = {isa = PBXFileReference; lastKnownFileType = sourcecode.swift; path = HomeDashboardViewModel.swift; sourceTree = "<group>"; };
		6C93CFC5C0F4360DBB92F737 /* SubscriptionDetailViewModel.swift */ = {isa = PBXFileReference; lastKnownFileType = sourcecode.swift; path = SubscriptionDetailViewModel.swift; sourceTree = "<group>"; };
		7024AC1B9762CB3FB504C693 /* AddSubscriptionViewModel.swift */ = {isa = PBXFileReference; lastKnownFileType = sourcecode.swift; path = AddSubscriptionViewModel.swift; sourceTree = "<group>"; };
		743E8866EEC228E38B87D10C /* AppUpdateManager.swift */ = {isa = PBXFileReference; lastKnownFileType = sourcecode.swift; path = AppUpdateManager.swift; sourceTree = "<group>"; };
		7480D3D11F0DD44002E828C7 /* HomeDashboardViewModelTests.swift */ = {isa = PBXFileReference; lastKnownFileType = sourcecode.swift; path = HomeDashboardViewModelTests.swift; sourceTree = "<group>"; };
		7D570275AF69D8819060F8D1 /* AddSubscriptionView.swift */ = {isa = PBXFileReference; lastKnownFileType = sourcecode.swift; path = AddSubscriptionView.swift; sourceTree = "<group>"; };
		85D3D97195CCF9DFE46FB2A8 /* ReviewEditViewModelTests.swift */ = {isa = PBXFileReference; lastKnownFileType = sourcecode.swift; path = ReviewEditViewModelTests.swift; sourceTree = "<group>"; };
		8AC436E21E05B92129280BD2 /* SmartSubscriptionIOS.app */ = {isa = PBXFileReference; includeInIndex = 0; lastKnownFileType = wrapper.application; path = SmartSubscriptionIOS.app; sourceTree = BUILT_PRODUCTS_DIR; };
		97075C52AC64F978A0EAF72E /* HomeDashboardView.swift */ = {isa = PBXFileReference; lastKnownFileType = sourcecode.swift; path = HomeDashboardView.swift; sourceTree = "<group>"; };
		9DDB412EEE7BA4C52E5281BB /* Assets.xcassets */ = {isa = PBXFileReference; lastKnownFileType = folder.assetcatalog; path = Assets.xcassets; sourceTree = "<group>"; };
		A07510BB29FC862A14FAD6BD /* SettingsView.swift */ = {isa = PBXFileReference; lastKnownFileType = sourcecode.swift; path = SettingsView.swift; sourceTree = "<group>"; };
		A4C059286EE999B72BA3F5F1 /* SmartSubscription.app */ = {isa = PBXFileReference; explicitFileType = wrapper.application; includeInIndex = 0; path = SmartSubscription.app; sourceTree = BUILT_PRODUCTS_DIR; };
		A94C27EEBEA29224E63ABD46 /* PopupViewContainer.swift */ = {isa = PBXFileReference; lastKnownFileType = sourcecode.swift; path = PopupViewContainer.swift; sourceTree = "<group>"; };
		AB4B36187145182F747C501B /* SmartSubscription_sandbox.app */ = {isa = PBXFileReference; explicitFileType = wrapper.application; includeInIndex = 0; path = SmartSubscription_sandbox.app; sourceTree = BUILT_PRODUCTS_DIR; };
		AC01E41A48480F7542AA277F /* SmartSubscriptionTests.xctest */ = {isa = PBXFileReference; explicitFileType = wrapper.cfbundle; includeInIndex = 0; path = SmartSubscriptionTests.xctest; sourceTree = BUILT_PRODUCTS_DIR; };
		B0E49EF2B87FF34DD863B405 /* SmartSubscriptionApp.swift */ = {isa = PBXFileReference; lastKnownFileType = sourcecode.swift; path = SmartSubscriptionApp.swift; sourceTree = "<group>"; };
		B52FECB8D8E4AF12F8A580E5 /* Assets.xcassets */ = {isa = PBXFileReference; lastKnownFileType = folder.assetcatalog; path = Assets.xcassets; sourceTree = "<group>"; };
		BC296EB62D91D7106DC96FE4 /* TransparentHostingController.swift */ = {isa = PBXFileReference; lastKnownFileType = sourcecode.swift; path = TransparentHostingController.swift; sourceTree = "<group>"; };
		C602F670E5782BED6662A9EC /* SmartSubscriptionKit */ = {isa = PBXFileReference; lastKnownFileType = folder; name = SmartSubscriptionKit; path = SmartSubscriptionKit; sourceTree = SOURCE_ROOT; };
		CD01AD113FF5E9856312CADE /* SmartSubscriptionApp.swift */ = {isa = PBXFileReference; lastKnownFileType = sourcecode.swift; path = SmartSubscriptionApp.swift; sourceTree = "<group>"; };
		D11FED9306C146787E5B0AC2 /* ReviewEditSubscriptionView.swift */ = {isa = PBXFileReference; lastKnownFileType = sourcecode.swift; path = ReviewEditSubscriptionView.swift; sourceTree = "<group>"; };
		DD36EBD2A054D6888E554AE7 /* SubscriptionCard.swift */ = {isa = PBXFileReference; lastKnownFileType = sourcecode.swift; path = SubscriptionCard.swift; sourceTree = "<group>"; };
		DF7765831AB7C5AE539CCBD0 /* MockSubscriptionUseCase.swift */ = {isa = PBXFileReference; lastKnownFileType = sourcecode.swift; path = MockSubscriptionUseCase.swift; sourceTree = "<group>"; };
		E80D4E48C2B6052636DBC935 /* HoverCursorModifier.swift */ = {isa = PBXFileReference; lastKnownFileType = sourcecode.swift; path = HoverCursorModifier.swift; sourceTree = "<group>"; };
		F1DF14B02D8C160B486F1714 /* ContentView.swift */ = {isa = PBXFileReference; lastKnownFileType = sourcecode.swift; path = ContentView.swift; sourceTree = "<group>"; };
		F277ABD9D664093DDDA943B3 /* SmartSubscriptionAppModel.swift */ = {isa = PBXFileReference; lastKnownFileType = sourcecode.swift; path = SmartSubscriptionAppModel.swift; sourceTree = "<group>"; };
		F30D133C4EA0D3CE27DFAAD4 /* AnalyticsViewModel.swift */ = {isa = PBXFileReference; lastKnownFileType = sourcecode.swift; path = AnalyticsViewModel.swift; sourceTree = "<group>"; };
		F575EC82C848BD4A55AA0194 /* ContentView.swift */ = {isa = PBXFileReference; lastKnownFileType = sourcecode.swift; path = ContentView.swift; sourceTree = "<group>"; };
		F7C17FCBAD7C04C98EE2349F /* HomeDashboardView.swift */ = {isa = PBXFileReference; lastKnownFileType = sourcecode.swift; path = HomeDashboardView.swift; sourceTree = "<group>"; };
/* End PBXFileReference section */

/* Begin PBXFrameworksBuildPhase section */
		1867B19E4D0DA89A6880B739 /* Frameworks */ = {
			isa = PBXFrameworksBuildPhase;
			buildActionMask = 2147483647;
			files = (
				18D7410C6115696ABF0F7861 /* StoreKit.framework in Frameworks */,
				2CE5EA69A39F9D2A88F08433 /* SmartSubscriptionKit in Frameworks */,
				D46B2E865CB286E568E1BB0F /* FirebaseAnalytics in Frameworks */,
				DA26F05B94EC5B1F78D4616D /* FirebaseCrashlytics in Frameworks */,
				9EBB5D9ACDDD8E105770DD53 /* FirebaseFirestore in Frameworks */,
				03ACC1CE06DC3BAC02D7FA78 /* Sparkle in Frameworks */,
			);
			runOnlyForDeploymentPostprocessing = 0;
		};
		8B66847637BFB3831A28D314 /* Frameworks */ = {
			isa = PBXFrameworksBuildPhase;
			buildActionMask = 2147483647;
			files = (
				3AB8D5E590DFA83ACE79AD6F /* StoreKit.framework in Frameworks */,
				29850F24A8AAFA6D3939D89C /* SmartSubscriptionKit in Frameworks */,
				B9176C007ADC87ED163F8EF3 /* FirebaseAnalytics in Frameworks */,
				C0CC2779C2A0A1F0CB634B83 /* FirebaseCrashlytics in Frameworks */,
				4C815E3B8CEDF42673E6E7C1 /* FirebaseFirestore in Frameworks */,
			);
			runOnlyForDeploymentPostprocessing = 0;
		};
		A1F817CBEC93D8F7789A71E8 /* Frameworks */ = {
			isa = PBXFrameworksBuildPhase;
			buildActionMask = 2147483647;
			files = (
				86883096BE019B4915E92335 /* SmartSubscriptionKit in Frameworks */,
			);
			runOnlyForDeploymentPostprocessing = 0;
		};
		E1D1E83B694CAC3FD5FB069F /* Frameworks */ = {
			isa = PBXFrameworksBuildPhase;
			buildActionMask = 2147483647;
			files = (
				DFF1A991A9C7A80B46E66FA1 /* StoreKit.framework in Frameworks */,
				D77947A2F0676D00CEA93224 /* SmartSubscriptionKit in Frameworks */,
				824343C598DE40EB42FCF0E1 /* FirebaseAnalytics in Frameworks */,
				325F82600DA180AB056ABB4D /* FirebaseCrashlytics in Frameworks */,
				0EE0FF6623C681B7FE0B18E1 /* FirebaseFirestore in Frameworks */,
			);
			runOnlyForDeploymentPostprocessing = 0;
		};
/* End PBXFrameworksBuildPhase section */

/* Begin PBXGroup section */
		0DA5DC9F0CFD6ACE10CFBC60 /* UseCases */ = {
			isa = PBXGroup;
			children = (
				243B41E28ACFB49B08AB507A /* InvoiceOCRUseCase.swift */,
				5DA0C53D032BD4D03CE2EA49 /* SubscriptionUseCase.swift */,
			);
			path = UseCases;
			sourceTree = "<group>";
		};
		1303783BC1FB215412DE4FB2 /* MacOS */ = {
			isa = PBXGroup;
			children = (
				09E85A1880DED64232903CCA /* AppDelegate.swift */,
				4219CE629E69BFDD8F3530BF /* FirebaseEventLogger.swift */,
				E80D4E48C2B6052636DBC935 /* HoverCursorModifier.swift */,
				A94C27EEBEA29224E63ABD46 /* PopupViewContainer.swift */,
				B0E49EF2B87FF34DD863B405 /* SmartSubscriptionApp.swift */,
				F277ABD9D664093DDDA943B3 /* SmartSubscriptionAppModel.swift */,
				5B91E18BA6831AD701BD8547 /* synced-storekit-conf.storekit */,
				44A7B2AE54014CE47240FEFE /* Feedback */,
				C2C459AEED0BC837F3464439 /* Navigation */,
				2783BBB4DB7CFF89BBC82BD2 /* Resources */,
				383F44DE77685EF8C9C5F50A /* UIs */,
				F0E6FF7FF1A98BC2E1F52507 /* Updater */,
				0DA5DC9F0CFD6ACE10CFBC60 /* UseCases */,
				F4B1922EB7BA835213607FBE /* Utilities */,
				5DD5897E227FDCA0C50DB086 /* ViewModels */,
			);
			name = MacOS;
			path = App/MacOS;
			sourceTree = "<group>";
		};
		17B977C55DA6F284B58A4D46 /* Tests */ = {
			isa = PBXGroup;
			children = (
				7480D3D11F0DD44002E828C7 /* HomeDashboardViewModelTests.swift */,
				85D3D97195CCF9DFE46FB2A8 /* ReviewEditViewModelTests.swift */,
				3E2F70306F28ADC00C92B09A /* Mocks */,
			);
			name = Tests;
			path = App/Tests;
			sourceTree = "<group>";
		};
		2783BBB4DB7CFF89BBC82BD2 /* Resources */ = {
			isa = PBXGroup;
			children = (
				B52FECB8D8E4AF12F8A580E5 /* Assets.xcassets */,
			);
			path = Resources;
			sourceTree = "<group>";
		};
		383F44DE77685EF8C9C5F50A /* UIs */ = {
			isa = PBXGroup;
			children = (
				7D570275AF69D8819060F8D1 /* AddSubscriptionView.swift */,
				2436C94753CCDC2239DA6C65 /* AnalyticsDashboardView.swift */,
				01114D6011B83A6C94C3CDF7 /* HighlightButtonStyle.swift */,
				97075C52AC64F978A0EAF72E /* HomeDashboardView.swift */,
				182CB2C2BBBE443BC4C0D852 /* ImageViewer.swift */,
				2A287776C43CD74C2F17E22B /* OCRProcessingView.swift */,
				D11FED9306C146787E5B0AC2 /* ReviewEditSubscriptionView.swift */,
				A07510BB29FC862A14FAD6BD /* SettingsView.swift */,
				DD36EBD2A054D6888E554AE7 /* SubscriptionCard.swift */,
				2CEC1F3F349746FD0629A120 /* SubscriptionDetailView.swift */,
				BC296EB62D91D7106DC96FE4 /* TransparentHostingController.swift */,
			);
			path = UIs;
			sourceTree = "<group>";
		};
		385DE0B7EF6437D2ECF4BCCC /* Navigation */ = {
			isa = PBXGroup;
			children = (
				F575EC82C848BD4A55AA0194 /* ContentView.swift */,
			);
			path = Navigation;
			sourceTree = "<group>";
		};
		3E2F70306F28ADC00C92B09A /* Mocks */ = {
			isa = PBXGroup;
			children = (
				DF7765831AB7C5AE539CCBD0 /* MockSubscriptionUseCase.swift */,
			);
			path = Mocks;
			sourceTree = "<group>";
		};
		4229DFCF21CCC98D130BA160 /* Products */ = {
			isa = PBXGroup;
			children = (
				AB4B36187145182F747C501B /* SmartSubscription_sandbox.app */,
				A4C059286EE999B72BA3F5F1 /* SmartSubscription.app */,
				8AC436E21E05B92129280BD2 /* SmartSubscriptionIOS.app */,
				AC01E41A48480F7542AA277F /* SmartSubscriptionTests.xctest */,
			);
			name = Products;
			sourceTree = "<group>";
		};
		44A7B2AE54014CE47240FEFE /* Feedback */ = {
			isa = PBXGroup;
			children = (
				02536E3811B97024CDD13DD7 /* FeedbackPopupContentView.swift */,
				570E0F2F8AB64DA8A2C55F73 /* FeedbackUseCase.swift */,
			);
			path = Feedback;
			sourceTree = "<group>";
		};
		47EAB1C277E7A56D3590C501 /* Frameworks */ = {
			isa = PBXGroup;
			children = (
				4B4D94EF87174714E7153DA0 /* StoreKit.framework */,
			);
			name = Frameworks;
			sourceTree = "<group>";
		};
		5DD5897E227FDCA0C50DB086 /* ViewModels */ = {
			isa = PBXGroup;
			children = (
				7024AC1B9762CB3FB504C693 /* AddSubscriptionViewModel.swift */,
				F30D133C4EA0D3CE27DFAAD4 /* AnalyticsViewModel.swift */,
				6C4E256926078B41383A130D /* HomeDashboardViewModel.swift */,
				0947B27FF64DA90CE1464B17 /* OCRProcessingViewModel.swift */,
				69B87618E76EB984EA3FE4D6 /* ReviewEditViewModel.swift */,
				0CA02A96194FA2F5CE7EB989 /* SettingsViewModel.swift */,
				6C93CFC5C0F4360DBB92F737 /* SubscriptionDetailViewModel.swift */,
			);
			path = ViewModels;
			sourceTree = "<group>";
		};
		6D5F207894DD083DC4433A11 = {
			isa = PBXGroup;
			children = (
				D64CB612F2A0FE45B17C32C8 /* iOS */,
				1303783BC1FB215412DE4FB2 /* MacOS */,
				F998A0C9158AC6DE20403C75 /* Packages */,
				17B977C55DA6F284B58A4D46 /* Tests */,
				47EAB1C277E7A56D3590C501 /* Frameworks */,
				4229DFCF21CCC98D130BA160 /* Products */,
			);
			sourceTree = "<group>";
		};
		A46D4212ED6F6A39D0E1AD48 /* Resources */ = {
			isa = PBXGroup;
			children = (
				9DDB412EEE7BA4C52E5281BB /* Assets.xcassets */,
			);
			path = Resources;
			sourceTree = "<group>";
		};
		BB6DA8AD655A9FCA2B8AF299 /* UIs */ = {
			isa = PBXGroup;
			children = (
				F7C17FCBAD7C04C98EE2349F /* HomeDashboardView.swift */,
			);
			path = UIs;
			sourceTree = "<group>";
		};
		C2C459AEED0BC837F3464439 /* Navigation */ = {
			isa = PBXGroup;
			children = (
				452E2378FCAA6D944B3A1A80 /* AddSubscriptionCoordinator.swift */,
				F1DF14B02D8C160B486F1714 /* ContentView.swift */,
			);
			path = Navigation;
			sourceTree = "<group>";
		};
		D64CB612F2A0FE45B17C32C8 /* iOS */ = {
			isa = PBXGroup;
			children = (
				450AC27C35956F0631B62DF6 /* AppDelegate.swift */,
				CD01AD113FF5E9856312CADE /* SmartSubscriptionApp.swift */,
				385DE0B7EF6437D2ECF4BCCC /* Navigation */,
				A46D4212ED6F6A39D0E1AD48 /* Resources */,
				BB6DA8AD655A9FCA2B8AF299 /* UIs */,
			);
			name = iOS;
			path = App/iOS;
			sourceTree = "<group>";
		};
		F0E6FF7FF1A98BC2E1F52507 /* Updater */ = {
			isa = PBXGroup;
			children = (
				743E8866EEC228E38B87D10C /* AppUpdateManager.swift */,
			);
			path = Updater;
			sourceTree = "<group>";
		};
		F4B1922EB7BA835213607FBE /* Utilities */ = {
			isa = PBXGroup;
			children = (
				5CC1F7284C20EC7FABD3C3CE /* Formatters.swift */,
			);
			path = Utilities;
			sourceTree = "<group>";
		};
		F998A0C9158AC6DE20403C75 /* Packages */ = {
			isa = PBXGroup;
			children = (
				C602F670E5782BED6662A9EC /* SmartSubscriptionKit */,
			);
			name = Packages;
			sourceTree = "<group>";
		};
/* End PBXGroup section */

/* Begin PBXNativeTarget section */
		15BE645251A1238050A9D200 /* SmartSubscription_sandbox */ = {
			isa = PBXNativeTarget;
			buildConfigurationList = A7F217B5A768DD2FC6DCA819 /* Build configuration list for PBXNativeTarget "SmartSubscription_sandbox" */;
			buildPhases = (
				7161C13C849C424A176F189F /* Sources */,
				CA985FA1533DF45377A8A6F5 /* Resources */,
				8B66847637BFB3831A28D314 /* Frameworks */,
				9B7AC5265C9A77CA65F45096 /* Run SwiftLint */,
			);
			buildRules = (
			);
			dependencies = (
			);
			name = SmartSubscription_sandbox;
			packageProductDependencies = (
				5D13CF948DAEAD61EF905A48 /* SmartSubscriptionKit */,
				6458AE4E0C9657DBD9072650 /* FirebaseAnalytics */,
				1552C3D84CBD66F1F38370FB /* FirebaseCrashlytics */,
				7B335E419C238A96E87CA7E2 /* FirebaseFirestore */,
			);
			productName = SmartSubscription_sandbox;
			productReference = AB4B36187145182F747C501B /* SmartSubscription_sandbox.app */;
			productType = "com.apple.product-type.application";
		};
		4B7692871FB8165311A6D80B /* SmartSubscriptionTests */ = {
			isa = PBXNativeTarget;
			buildConfigurationList = 13CD65B4A077D2C4F416D075 /* Build configuration list for PBXNativeTarget "SmartSubscriptionTests" */;
			buildPhases = (
				AFE5D9A626DBF315DBB174F8 /* Sources */,
				A1F817CBEC93D8F7789A71E8 /* Frameworks */,
			);
			buildRules = (
			);
			dependencies = (
			);
			name = SmartSubscriptionTests;
			packageProductDependencies = (
				2DB4ED87932B33193E98D349 /* SmartSubscriptionKit */,
			);
			productName = SmartSubscriptionTests;
			productReference = AC01E41A48480F7542AA277F /* SmartSubscriptionTests.xctest */;
			productType = "com.apple.product-type.bundle.unit-test";
		};
		5AEA0B7659AC4C44F23BF802 /* SmartSubscription */ = {
			isa = PBXNativeTarget;
			buildConfigurationList = 86B2FD30146B7534EA4E4F48 /* Build configuration list for PBXNativeTarget "SmartSubscription" */;
			buildPhases = (
				D665F5F9E38B64594EFF958E /* Sources */,
				77D8C392A1A22EB004229316 /* Resources */,
				1867B19E4D0DA89A6880B739 /* Frameworks */,
				BAEC8686E613E27E4010B3BF /* Run SwiftLint */,
			);
			buildRules = (
			);
			dependencies = (
			);
			name = SmartSubscription;
			packageProductDependencies = (
				897D0D80F9B72A0A89B09DC4 /* SmartSubscriptionKit */,
				700FC2BAE3C0DB5B3DFCCE29 /* FirebaseAnalytics */,
				5E7CEE98826F94718440C779 /* FirebaseCrashlytics */,
				20F3532835B252A4EDFF1233 /* FirebaseFirestore */,
				54CF24178990ACA373B0B66A /* Sparkle */,
			);
			productName = SmartSubscription;
			productReference = A4C059286EE999B72BA3F5F1 /* SmartSubscription.app */;
			productType = "com.apple.product-type.application";
		};
		B5B4A6EEF4CCAC89DC8C7F3F /* SmartSubscriptionIOS */ = {
			isa = PBXNativeTarget;
			buildConfigurationList = 3A3AA122E3384E063FA7E9CF /* Build configuration list for PBXNativeTarget "SmartSubscriptionIOS" */;
			buildPhases = (
				CAD5BAD95EE6610AFDA89935 /* Sources */,
				9BC17AEF1FD49E6E415999D3 /* Resources */,
				E1D1E83B694CAC3FD5FB069F /* Frameworks */,
			);
			buildRules = (
			);
			dependencies = (
			);
			name = SmartSubscriptionIOS;
			packageProductDependencies = (
				2563049BE674236E88FA803C /* SmartSubscriptionKit */,
				65458A287408195FBA71AC95 /* FirebaseAnalytics */,
				7327D810A54950300C2E977A /* FirebaseCrashlytics */,
				DC3C3BCCFDBC7D37A6C47D65 /* FirebaseFirestore */,
			);
			productName = SmartSubscriptionIOS;
			productReference = 8AC436E21E05B92129280BD2 /* SmartSubscriptionIOS.app */;
			productType = "com.apple.product-type.application";
		};
/* End PBXNativeTarget section */

/* Begin PBXProject section */
		504B033A26887AABC159A47D /* Project object */ = {
			isa = PBXProject;
			attributes = {
				BuildIndependentTargetsInParallel = YES;
				LastUpgradeCheck = 1500;
				TargetAttributes = {
					B5B4A6EEF4CCAC89DC8C7F3F = {
						DevelopmentTeam = "";
					};
				};
			};
			buildConfigurationList = 54B120D9A6A4FDE4B4B51668 /* Build configuration list for PBXProject "SmartSubscription" */;
			compatibilityVersion = "Xcode 14.0";
			developmentRegion = en;
			hasScannedForEncodings = 0;
			knownRegions = (
				Base,
				en,
			);
			mainGroup = 6D5F207894DD083DC4433A11;
			minimizedProjectReferenceProxies = 1;
			packageReferences = (
				9E7FD0A8640013D4318ED628 /* XCRemoteSwiftPackageReference "firebase-ios-sdk" */,
				5318B457CA13EC057D2CB476 /* XCRemoteSwiftPackageReference "Sparkle" */,
				18A7869E7E9BD09B7289A6BF /* XCLocalSwiftPackageReference "SmartSubscriptionKit" */,
			);
			preferredProjectObjectVersion = 77;
			projectDirPath = "";
			projectRoot = "";
			targets = (
				5AEA0B7659AC4C44F23BF802 /* SmartSubscription */,
				B5B4A6EEF4CCAC89DC8C7F3F /* SmartSubscriptionIOS */,
				4B7692871FB8165311A6D80B /* SmartSubscriptionTests */,
				15BE645251A1238050A9D200 /* SmartSubscription_sandbox */,
			);
		};
/* End PBXProject section */

/* Begin PBXResourcesBuildPhase section */
		77D8C392A1A22EB004229316 /* Resources */ = {
			isa = PBXResourcesBuildPhase;
			buildActionMask = 2147483647;
			files = (
				8268C203917C2B148D79AC7F /* Assets.xcassets in Resources */,
				84AAD7CCC94BD9E7CEDC740B /* synced-storekit-conf.storekit in Resources */,
			);
			runOnlyForDeploymentPostprocessing = 0;
		};
		9BC17AEF1FD49E6E415999D3 /* Resources */ = {
			isa = PBXResourcesBuildPhase;
			buildActionMask = 2147483647;
			files = (
				D6AE1684C06E432666C3C4CF /* Assets.xcassets in Resources */,
			);
			runOnlyForDeploymentPostprocessing = 0;
		};
		CA985FA1533DF45377A8A6F5 /* Resources */ = {
			isa = PBXResourcesBuildPhase;
			buildActionMask = 2147483647;
			files = (
				2811E23B2B1A4FC97C60DBF3 /* Assets.xcassets in Resources */,
				CD0DEAFD5013828E4732739C /* synced-storekit-conf.storekit in Resources */,
			);
			runOnlyForDeploymentPostprocessing = 0;
		};
/* End PBXResourcesBuildPhase section */

/* Begin PBXShellScriptBuildPhase section */
		9B7AC5265C9A77CA65F45096 /* Run SwiftLint */ = {
			isa = PBXShellScriptBuildPhase;
			buildActionMask = 2147483647;
			files = (
			);
			inputFileListPaths = (
			);
			inputPaths = (
			);
			name = "Run SwiftLint";
			outputFileListPaths = (
			);
			outputPaths = (
			);
			runOnlyForDeploymentPostprocessing = 0;
			shellPath = /bin/sh;
			shellScript = "cd $SRCROOT/..\n\nmake lint";
		};
		BAEC8686E613E27E4010B3BF /* Run SwiftLint */ = {
			isa = PBXShellScriptBuildPhase;
			buildActionMask = 2147483647;
			files = (
			);
			inputFileListPaths = (
			);
			inputPaths = (
			);
			name = "Run SwiftLint";
			outputFileListPaths = (
			);
			outputPaths = (
			);
			runOnlyForDeploymentPostprocessing = 0;
			shellPath = /bin/sh;
			shellScript = "make lint";
		};
/* End PBXShellScriptBuildPhase section */

/* Begin PBXSourcesBuildPhase section */
		7161C13C849C424A176F189F /* Sources */ = {
			isa = PBXSourcesBuildPhase;
			buildActionMask = 2147483647;
			files = (
				B8F9B33D1C8155FFDCDB51B8 /* AddSubscriptionCoordinator.swift in Sources */,
				2C8D52AA5D0E5D497D857002 /* AddSubscriptionView.swift in Sources */,
				617A22CAD6465E0ACB14F9A8 /* AddSubscriptionViewModel.swift in Sources */,
				F031F6A18863D1C377CD5447 /* AnalyticsDashboardView.swift in Sources */,
				E56D18345A0D3CCD64268117 /* AnalyticsViewModel.swift in Sources */,
				C1079D067229140B62E0AF38 /* AppDelegate.swift in Sources */,
				5E8CBAFD7EFE3010160F81B4 /* AppUpdateManager.swift in Sources */,
				61F7A2578009DA33B6D4764A /* ContentView.swift in Sources */,
				F225A0E72D4015C95079239A /* FeedbackPopupContentView.swift in Sources */,
				DF4676716A19DC8145817E68 /* FeedbackUseCase.swift in Sources */,
				3C0FBFB0A4860171321D770F /* FirebaseEventLogger.swift in Sources */,
				E49A70EA53BFEDB3449670B7 /* Formatters.swift in Sources */,
				46A6E3C8434C4AACA173169F /* HighlightButtonStyle.swift in Sources */,
				2A740C787D92D2E0C1950DD2 /* HomeDashboardView.swift in Sources */,
				29AF78D091B1279AF0D16CC1 /* HomeDashboardViewModel.swift in Sources */,
				3BD306B331DA6D406956A94C /* HoverCursorModifier.swift in Sources */,
				D34BE5556B6F53A4B3D8C414 /* ImageViewer.swift in Sources */,
				9B2659F2E51494B829DC6D15 /* InvoiceOCRUseCase.swift in Sources */,
				5E3A9B3D2C98E2E607B81E52 /* OCRProcessingView.swift in Sources */,
				CD7D3E3191B1458F76743A4C /* OCRProcessingViewModel.swift in Sources */,
				20B500034D1FEC6BD68C79F1 /* PopupViewContainer.swift in Sources */,
				7DDF8A1D07F6A4FA1E9250C9 /* ReviewEditSubscriptionView.swift in Sources */,
				246AD297B7897EB3F6599871 /* ReviewEditViewModel.swift in Sources */,
				73F6C90A164758CC09B258E3 /* SettingsView.swift in Sources */,
				DBC9290556E6B7045D9B68D2 /* SettingsViewModel.swift in Sources */,
				644B1DB286941D61CBAF6865 /* SmartSubscriptionApp.swift in Sources */,
				E3644537911B9197B7B9915D /* SmartSubscriptionAppModel.swift in Sources */,
				49AA88ECB1D79E78EBA88274 /* SubscriptionCard.swift in Sources */,
				666E3CA72E533A91E62923B2 /* SubscriptionDetailView.swift in Sources */,
				A30023CF9DF59F8A86D8CD9A /* SubscriptionDetailViewModel.swift in Sources */,
				BAB0B9F7C1FE3DE88B361104 /* SubscriptionUseCase.swift in Sources */,
				E6AEC3E3967ACBE03B5C326A /* TransparentHostingController.swift in Sources */,
			);
			runOnlyForDeploymentPostprocessing = 0;
		};
		AFE5D9A626DBF315DBB174F8 /* Sources */ = {
			isa = PBXSourcesBuildPhase;
			buildActionMask = 2147483647;
			files = (
				BFEDD4818576CD78F7AFAC06 /* HomeDashboardViewModel.swift in Sources */,
				1FC9B70BE1F7701FE6AE9CF4 /* HomeDashboardViewModelTests.swift in Sources */,
				473878FCE82A1C0394228CFB /* MockSubscriptionUseCase.swift in Sources */,
				FBAB64F697D1181C4A985BB9 /* ReviewEditViewModel.swift in Sources */,
				7E319A0D0F9233FE1F76F9B9 /* ReviewEditViewModelTests.swift in Sources */,
				6145507F288E6C0E22FBE45B /* SubscriptionUseCase.swift in Sources */,
			);
			runOnlyForDeploymentPostprocessing = 0;
		};
		CAD5BAD95EE6610AFDA89935 /* Sources */ = {
			isa = PBXSourcesBuildPhase;
			buildActionMask = 2147483647;
			files = (
				D647330CFD264B92D5CF987A /* AddSubscriptionCoordinator.swift in Sources */,
				800A3A79835151ED01D4311C /* AddSubscriptionView.swift in Sources */,
				2D9004F54795E891C424213D /* AddSubscriptionViewModel.swift in Sources */,
				F6C603EE88661A69FB051771 /* AnalyticsDashboardView.swift in Sources */,
				3CA213C9BC9264F1BF28C6AE /* AnalyticsViewModel.swift in Sources */,
				F2D6F56009C53EAB389622CF /* AppDelegate.swift in Sources */,
				D9D78B738CDEBA854D932F19 /* ContentView.swift in Sources */,
				66076926B33FE5604D5F4AE9 /* FirebaseEventLogger.swift in Sources */,
				A8F310E31DC628C7927C9157 /* Formatters.swift in Sources */,
				85F9BC6FE72C134880F3FB6A /* HighlightButtonStyle.swift in Sources */,
				A80BFCAA63B4EEB7E96B9A3C /* HomeDashboardView.swift in Sources */,
				B0586FCE6B7989E9A0EDC57D /* HomeDashboardViewModel.swift in Sources */,
				190C239707D3CE114FAD0457 /* InvoiceOCRUseCase.swift in Sources */,
				7439701D449F31DA52614CF9 /* OCRProcessingView.swift in Sources */,
				D7BFCD167AF30DD2F59846C0 /* OCRProcessingViewModel.swift in Sources */,
				9777E74305EC8E700EABD181 /* ReviewEditSubscriptionView.swift in Sources */,
				BEA6F018C7FCECBB708E34E5 /* ReviewEditViewModel.swift in Sources */,
				752A2A807EF27A9DE84454FA /* SettingsView.swift in Sources */,
				9679E28D2CAC3AC3024C4C17 /* SettingsViewModel.swift in Sources */,
				06BF27E6FDAFEC7E702F50D9 /* SmartSubscriptionApp.swift in Sources */,
				44B97170AE51552CA4F37CF6 /* SmartSubscriptionAppModel.swift in Sources */,
				16A58EBF054871730C36882E /* SubscriptionCard.swift in Sources */,
				138E8CE682767E22B6C3B219 /* SubscriptionDetailView.swift in Sources */,
				F16534AA62C1C62201BAD158 /* SubscriptionDetailViewModel.swift in Sources */,
				7A7502F9D1F2DC455AEC4A15 /* SubscriptionUseCase.swift in Sources */,
			);
			runOnlyForDeploymentPostprocessing = 0;
		};
		D665F5F9E38B64594EFF958E /* Sources */ = {
			isa = PBXSourcesBuildPhase;
			buildActionMask = 2147483647;
			files = (
				FEBA968F746EA5F781549E85 /* AddSubscriptionCoordinator.swift in Sources */,
				F61011E3A5D8D1F57CBFD96C /* AddSubscriptionView.swift in Sources */,
				1EA72D38F518C873511610E1 /* AddSubscriptionViewModel.swift in Sources */,
				BB931007801F3EAFE7F037DA /* AnalyticsDashboardView.swift in Sources */,
				06B119C57003A27D29E1F8D0 /* AnalyticsViewModel.swift in Sources */,
				EDA6B18D81EFEEB7E4CE4374 /* AppDelegate.swift in Sources */,
				8C6091D866F96DE647144310 /* AppUpdateManager.swift in Sources */,
				2513C85B246809F7D10E3A83 /* ContentView.swift in Sources */,
				B81DE961A5416B39B02A9722 /* FeedbackPopupContentView.swift in Sources */,
				95F03A566B905F0FF75C638D /* FeedbackUseCase.swift in Sources */,
				AA73341AEECE9D0E0298F1DC /* FirebaseEventLogger.swift in Sources */,
				0A78189537585A30FA5BF97F /* Formatters.swift in Sources */,
				43FB6D9E5CDBA272E6587BEB /* HighlightButtonStyle.swift in Sources */,
				C118E2359BE6F8CA73B68B44 /* HomeDashboardView.swift in Sources */,
				136C22DE82F2CAF59BB01A16 /* HomeDashboardViewModel.swift in Sources */,
				50A83BD4A240708D05190B8F /* HoverCursorModifier.swift in Sources */,
				404F7A4156F32B5F2C0E9ACA /* ImageViewer.swift in Sources */,
				4A7175AD77A32317E286842A /* InvoiceOCRUseCase.swift in Sources */,
				AA88C019562BEB667AB45523 /* OCRProcessingView.swift in Sources */,
				F1A24F2E8E05100429C23BD2 /* OCRProcessingViewModel.swift in Sources */,
				BEE2F57A9400BD8B1815D394 /* PopupViewContainer.swift in Sources */,
				BCE0ECB0DC263EF77B1841DE /* ReviewEditSubscriptionView.swift in Sources */,
				51A8C6FB0100FB7E81CB08D1 /* ReviewEditViewModel.swift in Sources */,
				347531FDFFAE932EFDD14A98 /* SettingsView.swift in Sources */,
				CFD8F12C8BDDA81E0D9B5620 /* SettingsViewModel.swift in Sources */,
				B052CFD14743AAE9D332F307 /* SmartSubscriptionApp.swift in Sources */,
				07AE81DEC4C4AA469C0144D3 /* SmartSubscriptionAppModel.swift in Sources */,
				1BFAE3BB1BE67B49EA7A3953 /* SubscriptionCard.swift in Sources */,
				9FBFF806673A88A7404115B7 /* SubscriptionDetailView.swift in Sources */,
				4C934C044536FC9503C65AF8 /* SubscriptionDetailViewModel.swift in Sources */,
				EAE87947975016A06AB0BA95 /* SubscriptionUseCase.swift in Sources */,
				0CB4ED145A94F831B8A20783 /* TransparentHostingController.swift in Sources */,
			);
			runOnlyForDeploymentPostprocessing = 0;
		};
/* End PBXSourcesBuildPhase section */

/* Begin XCBuildConfiguration section */
		016D90D68A0B939F804E974A /* Release */ = {
			isa = XCBuildConfiguration;
			buildSettings = {
				ASSETCATALOG_COMPILER_APPICON_NAME = AppIcon;
				CODE_SIGN_IDENTITY = "Apple Development";
				CURRENT_PROJECT_VERSION = 1;
				DEVELOPMENT_TEAM = "";
				GENERATE_INFOPLIST_FILE = NO;
				INFOPLIST_FILE = iOS/Info.plist;
				INFOPLIST_KEY_UILaunchScreen_Generation = YES;
				IPHONEOS_DEPLOYMENT_TARGET = 16.0;
				LD_RUNPATH_SEARCH_PATHS = (
					"$(inherited)",
					"@executable_path/Frameworks",
				);
				MARKETING_VERSION = 1.0.0;
				PRODUCT_BUNDLE_IDENTIFIER = com.devindi.swiftclean.ios;
				PRODUCT_NAME = SmartSubscription;
				SDKROOT = iphoneos;
				TARGETED_DEVICE_FAMILY = "1,2";
			};
			name = Release;
		};
		0527D7CBC42D45C4DC83C13B /* Debug */ = {
			isa = XCBuildConfiguration;
			buildSettings = {
				ALWAYS_SEARCH_USER_PATHS = NO;
				CLANG_ANALYZER_NONNULL = YES;
				CLANG_ANALYZER_NUMBER_OBJECT_CONVERSION = YES_AGGRESSIVE;
				CLANG_CXX_LANGUAGE_STANDARD = "gnu++14";
				CLANG_CXX_LIBRARY = "libc++";
				CLANG_ENABLE_MODULES = YES;
				CLANG_ENABLE_OBJC_ARC = YES;
				CLANG_ENABLE_OBJC_WEAK = YES;
				CLANG_WARN_BLOCK_CAPTURE_AUTORELEASING = YES;
				CLANG_WARN_BOOL_CONVERSION = YES;
				CLANG_WARN_COMMA = YES;
				CLANG_WARN_CONSTANT_CONVERSION = YES;
				CLANG_WARN_DEPRECATED_OBJC_IMPLEMENTATIONS = YES;
				CLANG_WARN_DIRECT_OBJC_ISA_USAGE = YES_ERROR;
				CLANG_WARN_DOCUMENTATION_COMMENTS = YES;
				CLANG_WARN_EMPTY_BODY = YES;
				CLANG_WARN_ENUM_CONVERSION = YES;
				CLANG_WARN_INFINITE_RECURSION = YES;
				CLANG_WARN_INT_CONVERSION = YES;
				CLANG_WARN_NON_LITERAL_NULL_CONVERSION = YES;
				CLANG_WARN_OBJC_IMPLICIT_RETAIN_SELF = YES;
				CLANG_WARN_OBJC_LITERAL_CONVERSION = YES;
				CLANG_WARN_OBJC_ROOT_CLASS = YES_ERROR;
				CLANG_WARN_QUOTED_INCLUDE_IN_FRAMEWORK_HEADER = YES;
				CLANG_WARN_RANGE_LOOP_ANALYSIS = YES;
				CLANG_WARN_STRICT_PROTOTYPES = YES;
				CLANG_WARN_SUSPICIOUS_MOVE = YES;
				CLANG_WARN_UNGUARDED_AVAILABILITY = YES_AGGRESSIVE;
				CLANG_WARN_UNREACHABLE_CODE = YES;
				CLANG_WARN__DUPLICATE_METHOD_MATCH = YES;
				COPY_PHASE_STRIP = NO;
				DEBUG_INFORMATION_FORMAT = dwarf;
				ENABLE_STRICT_OBJC_MSGSEND = YES;
				ENABLE_TESTABILITY = YES;
				GCC_C_LANGUAGE_STANDARD = gnu11;
				GCC_DYNAMIC_NO_PIC = NO;
				GCC_NO_COMMON_BLOCKS = YES;
				GCC_OPTIMIZATION_LEVEL = 0;
				GCC_PREPROCESSOR_DEFINITIONS = (
					"$(inherited)",
					"DEBUG=1",
				);
				GCC_WARN_64_TO_32_BIT_CONVERSION = YES;
				GCC_WARN_ABOUT_RETURN_TYPE = YES_ERROR;
				GCC_WARN_UNDECLARED_SELECTOR = YES;
				GCC_WARN_UNINITIALIZED_AUTOS = YES_AGGRESSIVE;
				GCC_WARN_UNUSED_FUNCTION = YES;
				GCC_WARN_UNUSED_VARIABLE = YES;
				MACOSX_DEPLOYMENT_TARGET = 14.0;
				MTL_ENABLE_DEBUG_INFO = INCLUDE_SOURCE;
				MTL_FAST_MATH = YES;
				ONLY_ACTIVE_ARCH = YES;
				PRODUCT_NAME = "$(TARGET_NAME)";
				SWIFT_ACTIVE_COMPILATION_CONDITIONS = DEBUG;
				SWIFT_OPTIMIZATION_LEVEL = "-Onone";
				SWIFT_VERSION = 5.0;
			};
			name = Debug;
		};
		3359CBB12D0CA22DA73B1AB8 /* Release */ = {
			isa = XCBuildConfiguration;
			buildSettings = {
				APP_SANDBOX = YES;
				ASSETCATALOG_COMPILER_APPICON_NAME = AppIcon;
				CODE_SIGN_ENTITLEMENTS = App/App_non_sandbox.entitlements;
				COMBINE_HIDPI_IMAGES = YES;
				ENABLE_HARDENED_RUNTIME = YES;
				ENABLE_PREVIEWS = YES;
				ENABLE_USER_SCRIPT_SANDBOXING = NO;
				GENERATE_INFOPLIST_FILE = NO;
				INFOPLIST_FILE = App/Info.plist;
				LD_RUNPATH_SEARCH_PATHS = (
					"$(inherited)",
					"@executable_path/../Frameworks",
				);
				PRODUCT_NAME = $TARGET_NAME;
				SDKROOT = macosx;
			};
			name = Release;
		};
		54612392A4D192B4DDD906D7 /* Release */ = {
			isa = XCBuildConfiguration;
			buildSettings = {
				ALWAYS_SEARCH_USER_PATHS = NO;
				CLANG_ANALYZER_NONNULL = YES;
				CLANG_ANALYZER_NUMBER_OBJECT_CONVERSION = YES_AGGRESSIVE;
				CLANG_CXX_LANGUAGE_STANDARD = "gnu++14";
				CLANG_CXX_LIBRARY = "libc++";
				CLANG_ENABLE_MODULES = YES;
				CLANG_ENABLE_OBJC_ARC = YES;
				CLANG_ENABLE_OBJC_WEAK = YES;
				CLANG_WARN_BLOCK_CAPTURE_AUTORELEASING = YES;
				CLANG_WARN_BOOL_CONVERSION = YES;
				CLANG_WARN_COMMA = YES;
				CLANG_WARN_CONSTANT_CONVERSION = YES;
				CLANG_WARN_DEPRECATED_OBJC_IMPLEMENTATIONS = YES;
				CLANG_WARN_DIRECT_OBJC_ISA_USAGE = YES_ERROR;
				CLANG_WARN_DOCUMENTATION_COMMENTS = YES;
				CLANG_WARN_EMPTY_BODY = YES;
				CLANG_WARN_ENUM_CONVERSION = YES;
				CLANG_WARN_INFINITE_RECURSION = YES;
				CLANG_WARN_INT_CONVERSION = YES;
				CLANG_WARN_NON_LITERAL_NULL_CONVERSION = YES;
				CLANG_WARN_OBJC_IMPLICIT_RETAIN_SELF = YES;
				CLANG_WARN_OBJC_LITERAL_CONVERSION = YES;
				CLANG_WARN_OBJC_ROOT_CLASS = YES_ERROR;
				CLANG_WARN_QUOTED_INCLUDE_IN_FRAMEWORK_HEADER = YES;
				CLANG_WARN_RANGE_LOOP_ANALYSIS = YES;
				CLANG_WARN_STRICT_PROTOTYPES = YES;
				CLANG_WARN_SUSPICIOUS_MOVE = YES;
				CLANG_WARN_UNGUARDED_AVAILABILITY = YES_AGGRESSIVE;
				CLANG_WARN_UNREACHABLE_CODE = YES;
				CLANG_WARN__DUPLICATE_METHOD_MATCH = YES;
				COPY_PHASE_STRIP = NO;
				DEBUG_INFORMATION_FORMAT = "dwarf-with-dsym";
				ENABLE_NS_ASSERTIONS = NO;
				ENABLE_STRICT_OBJC_MSGSEND = YES;
				GCC_C_LANGUAGE_STANDARD = gnu11;
				GCC_NO_COMMON_BLOCKS = YES;
				GCC_WARN_64_TO_32_BIT_CONVERSION = YES;
				GCC_WARN_ABOUT_RETURN_TYPE = YES_ERROR;
				GCC_WARN_UNDECLARED_SELECTOR = YES;
				GCC_WARN_UNINITIALIZED_AUTOS = YES_AGGRESSIVE;
				GCC_WARN_UNUSED_FUNCTION = YES;
				GCC_WARN_UNUSED_VARIABLE = YES;
				MACOSX_DEPLOYMENT_TARGET = 14.0;
				MTL_ENABLE_DEBUG_INFO = NO;
				MTL_FAST_MATH = YES;
				PRODUCT_NAME = "$(TARGET_NAME)";
				SWIFT_COMPILATION_MODE = wholemodule;
				SWIFT_OPTIMIZATION_LEVEL = "-O";
				SWIFT_VERSION = 5.0;
			};
			name = Release;
		};
		5B56427EB0B650C830B47E1C /* Release */ = {
			isa = XCBuildConfiguration;
			buildSettings = {
				APP_SANDBOX = YES;
				ASSETCATALOG_COMPILER_APPICON_NAME = AppIcon;
				CODE_SIGN_ENTITLEMENTS = App/App.entitlements;
				COMBINE_HIDPI_IMAGES = YES;
				ENABLE_PREVIEWS = YES;
				ENABLE_USER_SCRIPT_SANDBOXING = NO;
				GENERATE_INFOPLIST_FILE = NO;
				INFOPLIST_FILE = App/Info.plist;
				INFOPLIST_KEY_SUEnableInstallerLauncherService = YES;
				LD_RUNPATH_SEARCH_PATHS = (
					"$(inherited)",
					"@executable_path/../Frameworks",
				);
				PRODUCT_NAME = SmartSubscription;
				SDKROOT = macosx;
				SWIFT_ACTIVE_COMPILATION_CONDITIONS = APP_SANDBOX;
			};
			name = Release;
		};
		69B5EB532D976819B0B586F5 /* Debug */ = {
			isa = XCBuildConfiguration;
			buildSettings = {
				ASSETCATALOG_COMPILER_APPICON_NAME = AppIcon;
				CODE_SIGN_IDENTITY = "Apple Development";
				CURRENT_PROJECT_VERSION = 1;
				DEVELOPMENT_TEAM = "";
				GENERATE_INFOPLIST_FILE = NO;
				INFOPLIST_FILE = iOS/Info.plist;
				INFOPLIST_KEY_UILaunchScreen_Generation = YES;
				IPHONEOS_DEPLOYMENT_TARGET = 16.0;
				LD_RUNPATH_SEARCH_PATHS = (
					"$(inherited)",
					"@executable_path/Frameworks",
				);
				MARKETING_VERSION = 1.0.0;
				PRODUCT_BUNDLE_IDENTIFIER = com.devindi.swiftclean.ios;
				PRODUCT_NAME = SmartSubscription;
				SDKROOT = iphoneos;
				TARGETED_DEVICE_FAMILY = "1,2";
			};
			name = Debug;
		};
		D71926A529CB290419B8C912 /* Debug */ = {
			isa = XCBuildConfiguration;
			buildSettings = {
				BUNDLE_LOADER = "$(TEST_HOST)";
				COMBINE_HIDPI_IMAGES = YES;
				GENERATE_INFOPLIST_FILE = YES;
				LD_RUNPATH_SEARCH_PATHS = (
					"$(inherited)",
					"@executable_path/../Frameworks",
					"@loader_path/../Frameworks",
				);
				SDKROOT = macosx;
			};
			name = Debug;
		};
		DA7FED1DE5685A0DA0B01EF4 /* Release */ = {
			isa = XCBuildConfiguration;
			buildSettings = {
				BUNDLE_LOADER = "$(TEST_HOST)";
				COMBINE_HIDPI_IMAGES = YES;
				GENERATE_INFOPLIST_FILE = YES;
				LD_RUNPATH_SEARCH_PATHS = (
					"$(inherited)",
					"@executable_path/../Frameworks",
					"@loader_path/../Frameworks",
				);
				SDKROOT = macosx;
			};
			name = Release;
		};
		EB343158C766F0DEB250C542 /* Debug */ = {
			isa = XCBuildConfiguration;
			buildSettings = {
				APP_SANDBOX = YES;
				ASSETCATALOG_COMPILER_APPICON_NAME = AppIcon;
				CODE_SIGN_ENTITLEMENTS = App/App_non_sandbox.entitlements;
				COMBINE_HIDPI_IMAGES = YES;
				ENABLE_HARDENED_RUNTIME = YES;
				ENABLE_PREVIEWS = YES;
				ENABLE_USER_SCRIPT_SANDBOXING = NO;
				GENERATE_INFOPLIST_FILE = NO;
				INFOPLIST_FILE = App/Info.plist;
				LD_RUNPATH_SEARCH_PATHS = (
					"$(inherited)",
					"@executable_path/../Frameworks",
				);
				PRODUCT_NAME = $TARGET_NAME;
				SDKROOT = macosx;
				SWIFT_ACTIVE_COMPILATION_CONDITIONS = DEBUG;
			};
			name = Debug;
		};
		FF5633701DA52C06FB4C82F2 /* Debug */ = {
			isa = XCBuildConfiguration;
			buildSettings = {
				APP_SANDBOX = YES;
				ASSETCATALOG_COMPILER_APPICON_NAME = AppIcon;
				CODE_SIGN_ENTITLEMENTS = App/App.entitlements;
				COMBINE_HIDPI_IMAGES = YES;
				ENABLE_PREVIEWS = YES;
				ENABLE_USER_SCRIPT_SANDBOXING = NO;
				GENERATE_INFOPLIST_FILE = NO;
				INFOPLIST_FILE = App/Info.plist;
				INFOPLIST_KEY_SUEnableInstallerLauncherService = YES;
				LD_RUNPATH_SEARCH_PATHS = (
					"$(inherited)",
					"@executable_path/../Frameworks",
				);
				PRODUCT_NAME = SmartSubscription;
				SDKROOT = macosx;
				SWIFT_ACTIVE_COMPILATION_CONDITIONS = "DEBUG APP_SANDBOX";
			};
			name = Debug;
		};
/* End XCBuildConfiguration section */

/* Begin XCConfigurationList section */
		13CD65B4A077D2C4F416D075 /* Build configuration list for PBXNativeTarget "SmartSubscriptionTests" */ = {
			isa = XCConfigurationList;
			buildConfigurations = (
				D71926A529CB290419B8C912 /* Debug */,
				DA7FED1DE5685A0DA0B01EF4 /* Release */,
			);
			defaultConfigurationIsVisible = 0;
			defaultConfigurationName = Debug;
		};
		3A3AA122E3384E063FA7E9CF /* Build configuration list for PBXNativeTarget "SmartSubscriptionIOS" */ = {
			isa = XCConfigurationList;
			buildConfigurations = (
				69B5EB532D976819B0B586F5 /* Debug */,
				016D90D68A0B939F804E974A /* Release */,
			);
			defaultConfigurationIsVisible = 0;
			defaultConfigurationName = Debug;
		};
		54B120D9A6A4FDE4B4B51668 /* Build configuration list for PBXProject "SmartSubscription" */ = {
			isa = XCConfigurationList;
			buildConfigurations = (
				0527D7CBC42D45C4DC83C13B /* Debug */,
				54612392A4D192B4DDD906D7 /* Release */,
			);
			defaultConfigurationIsVisible = 0;
			defaultConfigurationName = Debug;
		};
		86B2FD30146B7534EA4E4F48 /* Build configuration list for PBXNativeTarget "SmartSubscription" */ = {
			isa = XCConfigurationList;
			buildConfigurations = (
				EB343158C766F0DEB250C542 /* Debug */,
				3359CBB12D0CA22DA73B1AB8 /* Release */,
			);
			defaultConfigurationIsVisible = 0;
			defaultConfigurationName = Debug;
		};
		A7F217B5A768DD2FC6DCA819 /* Build configuration list for PBXNativeTarget "SmartSubscription_sandbox" */ = {
			isa = XCConfigurationList;
			buildConfigurations = (
				FF5633701DA52C06FB4C82F2 /* Debug */,
				5B56427EB0B650C830B47E1C /* Release */,
			);
			defaultConfigurationIsVisible = 0;
			defaultConfigurationName = Debug;
		};
/* End XCConfigurationList section */

/* Begin XCLocalSwiftPackageReference section */
		18A7869E7E9BD09B7289A6BF /* XCLocalSwiftPackageReference "SmartSubscriptionKit" */ = {
			isa = XCLocalSwiftPackageReference;
			relativePath = SmartSubscriptionKit;
		};
/* End XCLocalSwiftPackageReference section */

/* Begin XCRemoteSwiftPackageReference section */
		5318B457CA13EC057D2CB476 /* XCRemoteSwiftPackageReference "Sparkle" */ = {
			isa = XCRemoteSwiftPackageReference;
			repositoryURL = "https://github.com/sparkle-project/Sparkle";
			requirement = {
				kind = upToNextMajorVersion;
				minimumVersion = 2.6.4;
			};
		};
		9E7FD0A8640013D4318ED628 /* XCRemoteSwiftPackageReference "firebase-ios-sdk" */ = {
			isa = XCRemoteSwiftPackageReference;
			repositoryURL = "https://github.com/firebase/firebase-ios-sdk";
			requirement = {
				kind = upToNextMajorVersion;
				minimumVersion = 11.0.0;
			};
		};
/* End XCRemoteSwiftPackageReference section */

/* Begin XCSwiftPackageProductDependency section */
		1552C3D84CBD66F1F38370FB /* FirebaseCrashlytics */ = {
			isa = XCSwiftPackageProductDependency;
			package = 9E7FD0A8640013D4318ED628 /* XCRemoteSwiftPackageReference "firebase-ios-sdk" */;
			productName = FirebaseCrashlytics;
		};
		20F3532835B252A4EDFF1233 /* FirebaseFirestore */ = {
			isa = XCSwiftPackageProductDependency;
			package = 9E7FD0A8640013D4318ED628 /* XCRemoteSwiftPackageReference "firebase-ios-sdk" */;
			productName = FirebaseFirestore;
		};
		2563049BE674236E88FA803C /* SmartSubscriptionKit */ = {
			isa = XCSwiftPackageProductDependency;
			productName = SmartSubscriptionKit;
		};
		2DB4ED87932B33193E98D349 /* SmartSubscriptionKit */ = {
			isa = XCSwiftPackageProductDependency;
			productName = SmartSubscriptionKit;
		};
		54CF24178990ACA373B0B66A /* Sparkle */ = {
			isa = XCSwiftPackageProductDependency;
			package = 5318B457CA13EC057D2CB476 /* XCRemoteSwiftPackageReference "Sparkle" */;
			productName = Sparkle;
		};
		5D13CF948DAEAD61EF905A48 /* SmartSubscriptionKit */ = {
			isa = XCSwiftPackageProductDependency;
			productName = SmartSubscriptionKit;
		};
		5E7CEE98826F94718440C779 /* FirebaseCrashlytics */ = {
			isa = XCSwiftPackageProductDependency;
			package = 9E7FD0A8640013D4318ED628 /* XCRemoteSwiftPackageReference "firebase-ios-sdk" */;
			productName = FirebaseCrashlytics;
		};
		6458AE4E0C9657DBD9072650 /* FirebaseAnalytics */ = {
			isa = XCSwiftPackageProductDependency;
			package = 9E7FD0A8640013D4318ED628 /* XCRemoteSwiftPackageReference "firebase-ios-sdk" */;
			productName = FirebaseAnalytics;
		};
		65458A287408195FBA71AC95 /* FirebaseAnalytics */ = {
			isa = XCSwiftPackageProductDependency;
			package = 9E7FD0A8640013D4318ED628 /* XCRemoteSwiftPackageReference "firebase-ios-sdk" */;
			productName = FirebaseAnalytics;
		};
		700FC2BAE3C0DB5B3DFCCE29 /* FirebaseAnalytics */ = {
			isa = XCSwiftPackageProductDependency;
			package = 9E7FD0A8640013D4318ED628 /* XCRemoteSwiftPackageReference "firebase-ios-sdk" */;
			productName = FirebaseAnalytics;
		};
		7327D810A54950300C2E977A /* FirebaseCrashlytics */ = {
			isa = XCSwiftPackageProductDependency;
			package = 9E7FD0A8640013D4318ED628 /* XCRemoteSwiftPackageReference "firebase-ios-sdk" */;
			productName = FirebaseCrashlytics;
		};
		7B335E419C238A96E87CA7E2 /* FirebaseFirestore */ = {
			isa = XCSwiftPackageProductDependency;
			package = 9E7FD0A8640013D4318ED628 /* XCRemoteSwiftPackageReference "firebase-ios-sdk" */;
			productName = FirebaseFirestore;
		};
		897D0D80F9B72A0A89B09DC4 /* SmartSubscriptionKit */ = {
			isa = XCSwiftPackageProductDependency;
			productName = SmartSubscriptionKit;
		};
		DC3C3BCCFDBC7D37A6C47D65 /* FirebaseFirestore */ = {
			isa = XCSwiftPackageProductDependency;
			package = 9E7FD0A8640013D4318ED628 /* XCRemoteSwiftPackageReference "firebase-ios-sdk" */;
			productName = FirebaseFirestore;
		};
/* End XCSwiftPackageProductDependency section */
	};
	rootObject = 504B033A26887AABC159A47D /* Project object */;
}
